
Microsoft Visual Studio Solution File, Format Version 12.00
# Visual Studio Version 17
VisualStudioVersion = 17.8.34330.188
MinimumVisualStudioVersion = 10.0.40219.1
Project("{FAE04EC0-301F-11D3-BF4B-00C04F79EFBC}") = "Unit6_appExcel", "Unit6_appExcel\Unit6_appExcel.csproj", "{F94713A4-EBFB-494C-82E6-DF94D2086C59}"
EndProject
Global
	GlobalSection(SolutionConfigurationPlatforms) = preSolution
		Debug|Any CPU = Debug|Any CPU
		Release|Any CPU = Release|Any CPU
	EndGlobalSection
	GlobalSection(ProjectConfigurationPlatforms) = postSolution
		{F94713A4-EBFB-494C-82E6-DF94D2086C59}.Debug|Any CPU.ActiveCfg = Debug|Any CPU
		{F94713A4-EBFB-494C-82E6-DF94D2086C59}.Debug|Any CPU.Build.0 = Debug|Any CPU
		{F94713A4-EBFB-494C-82E6-DF94D2086C59}.Release|Any CPU.ActiveCfg = Release|Any CPU
		{F94713A4-EBFB-494C-82E6-DF94D2086C59}.Release|Any CPU.Build.0 = Release|Any CPU
	EndGlobalSection
	GlobalSection(SolutionProperties) = preSolution
		HideSolutionNode = FALSE
	EndGlobalSection
	GlobalSection(ExtensibilityGlobals) = postSolution
		SolutionGuid = {2F99925B-5FAA-46D3-BA3C-480C546B6E05}
	EndGlobalSection
EndGlobal
